
Microsoft Visual Studio Solution File, Format Version 12.00
# Visual Studio Version 17
VisualStudioVersion = 17.14.36518.9 d17.14
MinimumVisualStudioVersion = 10.0.40219.1
Project("{FAE04EC0-301F-11D3-BF4B-00C04F79EFBC}") = "Carely", "Carely\Carely.csproj", "{866CD6B0-539E-46AD-A73E-245373DD839E}"
EndProject
Global
	GlobalSection(SolutionConfigurationPlatforms) = preSolution
		Debug|Any CPU = Debug|Any CPU
		Release|Any CPU = Release|Any CPU
	EndGlobalSection
	GlobalSection(ProjectConfigurationPlatforms) = postSolution
		{866CD6B0-539E-46AD-A73E-245373DD839E}.Debug|Any CPU.ActiveCfg = Debug|Any CPU
		{866CD6B0-539E-46AD-A73E-245373DD839E}.Debug|Any CPU.Build.0 = Debug|Any CPU
		{866CD6B0-539E-46AD-A73E-245373DD839E}.Release|Any CPU.ActiveCfg = Release|Any CPU
		{866CD6B0-539E-46AD-A73E-245373DD839E}.Release|Any CPU.Build.0 = Release|Any CPU
	EndGlobalSection
	GlobalSection(SolutionProperties) = preSolution
		HideSolutionNode = FALSE
	EndGlobalSection
	GlobalSection(ExtensibilityGlobals) = postSolution
		SolutionGuid = {69B5157C-8944-42C3-8BA3-6F17BD7E0DD1}
	EndGlobalSection
EndGlobal
